
Microsoft Visual Studio Solution File, Format Version 12.00
# Visual Studio Version 17
VisualStudioVersion = 17.1.32228.430
MinimumVisualStudioVersion = 10.0.40219.1
Project("{2150E333-8FDC-42A3-9474-1A3956D46DE8}") = "openvino", "openvino", "{57BA034A-7C5D-4C3F-B666-B31329A9F29E}"
EndProject
Project("{2150E333-8FDC-42A3-9474-1A3956D46DE8}") = "cpp", "cpp", "{05E7BC11-B3A0-40FB-AF6C-F04A6A566D0E}"
EndProject
Project("{8BC9CEB8-8B4A-11D0-8D11-00A0C91BC942}") = "cpp_oppenvino_yolov5", "openvino\cpp_oppenvino_yolov5\cpp_oppenvino_yolov5.vcxproj", "{8346C75C-6E85-46BC-A07C-B8A7F446BDA3}"
EndProject
Project("{2150E333-8FDC-42A3-9474-1A3956D46DE8}") = "csharp", "csharp", "{4F61081D-E245-45A6-96A7-1FED8FBC592D}"
EndProject
Project("{9A19103F-16F7-4668-BE54-9A1E7A4F7556}") = "csharp_openvino_class", "openvino\csharp_openvino_class\csharp_openvino_class.csproj", "{5F4CB5ED-566B-4396-8E49-7F5449B7A849}"
EndProject
Project("{8BC9CEB8-8B4A-11D0-8D11-00A0C91BC942}") = "cpp_openvino_api", "openvino\cpp_openvino_api\cpp_openvino_api.vcxproj", "{CC5115AB-F900-4DE2-89F4-9AE005205BE6}"
EndProject
Project("{2150E333-8FDC-42A3-9474-1A3956D46DE8}") = "tensorrt", "tensorrt", "{952995AD-9E21-44AF-8BED-3DB3098BD907}"
EndProject
Project("{2150E333-8FDC-42A3-9474-1A3956D46DE8}") = "cpp", "cpp", "{54A61C41-4DAD-423B-A421-9E6FB763ADFC}"
EndProject
Project("{2150E333-8FDC-42A3-9474-1A3956D46DE8}") = "csharp", "csharp", "{A6DB2D0A-1B77-4742-84B4-C09B6B7D4948}"
EndProject
Project("{2150E333-8FDC-42A3-9474-1A3956D46DE8}") = "onnx_runtime", "onnx_runtime", "{94798F1C-2708-4947-AD94-8795E83F032A}"
EndProject
Project("{2150E333-8FDC-42A3-9474-1A3956D46DE8}") = "opencv_dnn", "opencv_dnn", "{07C42B81-44BB-4927-8034-EE8068BD4809}"
EndProject
Project("{2150E333-8FDC-42A3-9474-1A3956D46DE8}") = "cpp", "cpp", "{ABBF6A35-F7D6-42A5-8137-4E6ABBB3A695}"
EndProject
Project("{2150E333-8FDC-42A3-9474-1A3956D46DE8}") = "csharp", "csharp", "{C9AB61FE-26E2-4C5C-8A2E-D57C9FCE3272}"
EndProject
Project("{2150E333-8FDC-42A3-9474-1A3956D46DE8}") = "cpp", "cpp", "{0E6F2CB5-B606-432F-9644-ED829B93BFC1}"
EndProject
Project("{2150E333-8FDC-42A3-9474-1A3956D46DE8}") = "csharp", "csharp", "{EBD245C5-F5C5-4E92-9E0F-204BC1D42517}"
EndProject
Project("{2150E333-8FDC-42A3-9474-1A3956D46DE8}") = "all_demo_csharp", "all_demo_csharp", "{3EAFE96D-ED8A-4BA0-8A2C-97E513E8411D}"
EndProject
Project("{2150E333-8FDC-42A3-9474-1A3956D46DE8}") = "common", "common", "{BACBE2E0-BA64-43D7-A6C7-28207F42C62A}"
EndProject
Project("{2150E333-8FDC-42A3-9474-1A3956D46DE8}") = "csharp", "csharp", "{758CF452-D761-4DD7-AC4F-D19F3041A882}"
EndProject
Project("{9A19103F-16F7-4668-BE54-9A1E7A4F7556}") = "csharp_process_infer_result", "common\csharp_process_infer_result\csharp_process_infer_result.csproj", "{767A78BD-AF98-41B1-BA0E-4E154213951F}"
EndProject
Project("{2150E333-8FDC-42A3-9474-1A3956D46DE8}") = "cpp", "cpp", "{797198EE-A026-488A-8FFF-C620614BF076}"
EndProject
Project("{8BC9CEB8-8B4A-11D0-8D11-00A0C91BC942}") = "cpp_process_infer_result", "common\cpp_process_infer_result\cpp_process_infer_result.vcxproj", "{00A4B642-B47E-41C4-96D0-E0B6D3D35437}"
EndProject
Project("{8BC9CEB8-8B4A-11D0-8D11-00A0C91BC942}") = "cpp_tensorrt_yolov5", "tensorrt\cpp_tensorrt_yolov5\cpp_tensorrt_yolov5.vcxproj", "{C387E0F4-12C1-4AD3-89ED-6A2694C161D5}"
EndProject
Project("{8BC9CEB8-8B4A-11D0-8D11-00A0C91BC942}") = "cpp_tensorrt_api", "tensorrt\cpp_tensorrt_api\cpp_tensorrt_api.vcxproj", "{516FA27A-FFC2-409D-9CE0-95DA9D2779EB}"
EndProject
Project("{9A19103F-16F7-4668-BE54-9A1E7A4F7556}") = "csharp_tensorrt_class", "tensorrt\csharp_tensorrt_class\csharp_tensorrt_class.csproj", "{FA9FA860-E3E6-4CFD-B1C0-A76240636555}"
EndProject
Project("{9A19103F-16F7-4668-BE54-9A1E7A4F7556}") = "csharp_tensorrt_yolov5", "tensorrt\csharp_tensorrt_yolov5\csharp_tensorrt_yolov5.csproj", "{99F0F88A-4A02-4788-9107-1A5775B816D6}"
EndProject
Project("{9A19103F-16F7-4668-BE54-9A1E7A4F7556}") = "csharp_openvino_yolov5", "openvino\csharp_openvino_yolov5\csharp_openvino_yolov5.csproj", "{E7F4A3FE-C6AB-4C76-9F70-F73DF873177E}"
EndProject
Global
	GlobalSection(SolutionConfigurationPlatforms) = preSolution
		Debug|Any CPU = Debug|Any CPU
		Debug|x64 = Debug|x64
		Debug|x86 = Debug|x86
		Release|Any CPU = Release|Any CPU
		Release|x64 = Release|x64
		Release|x86 = Release|x86
	EndGlobalSection
	GlobalSection(ProjectConfigurationPlatforms) = postSolution
		{8346C75C-6E85-46BC-A07C-B8A7F446BDA3}.Debug|Any CPU.ActiveCfg = Debug|x64
		{8346C75C-6E85-46BC-A07C-B8A7F446BDA3}.Debug|Any CPU.Build.0 = Debug|x64
		{8346C75C-6E85-46BC-A07C-B8A7F446BDA3}.Debug|x64.ActiveCfg = Debug|x64
		{8346C75C-6E85-46BC-A07C-B8A7F446BDA3}.Debug|x64.Build.0 = Debug|x64
		{8346C75C-6E85-46BC-A07C-B8A7F446BDA3}.Debug|x86.ActiveCfg = Debug|Win32
		{8346C75C-6E85-46BC-A07C-B8A7F446BDA3}.Debug|x86.Build.0 = Debug|Win32
		{8346C75C-6E85-46BC-A07C-B8A7F446BDA3}.Release|Any CPU.ActiveCfg = Release|x64
		{8346C75C-6E85-46BC-A07C-B8A7F446BDA3}.Release|Any CPU.Build.0 = Release|x64
		{8346C75C-6E85-46BC-A07C-B8A7F446BDA3}.Release|x64.ActiveCfg = Release|x64
		{8346C75C-6E85-46BC-A07C-B8A7F446BDA3}.Release|x64.Build.0 = Release|x64
		{8346C75C-6E85-46BC-A07C-B8A7F446BDA3}.Release|x86.ActiveCfg = Release|Win32
		{8346C75C-6E85-46BC-A07C-B8A7F446BDA3}.Release|x86.Build.0 = Release|Win32
		{5F4CB5ED-566B-4396-8E49-7F5449B7A849}.Debug|Any CPU.ActiveCfg = Debug|Any CPU
		{5F4CB5ED-566B-4396-8E49-7F5449B7A849}.Debug|Any CPU.Build.0 = Debug|Any CPU
		{5F4CB5ED-566B-4396-8E49-7F5449B7A849}.Debug|x64.ActiveCfg = Debug|Any CPU
		{5F4CB5ED-566B-4396-8E49-7F5449B7A849}.Debug|x64.Build.0 = Debug|Any CPU
		{5F4CB5ED-566B-4396-8E49-7F5449B7A849}.Debug|x86.ActiveCfg = Debug|Any CPU
		{5F4CB5ED-566B-4396-8E49-7F5449B7A849}.Debug|x86.Build.0 = Debug|Any CPU
		{5F4CB5ED-566B-4396-8E49-7F5449B7A849}.Release|Any CPU.ActiveCfg = Release|Any CPU
		{5F4CB5ED-566B-4396-8E49-7F5449B7A849}.Release|Any CPU.Build.0 = Release|Any CPU
		{5F4CB5ED-566B-4396-8E49-7F5449B7A849}.Release|x64.ActiveCfg = Release|Any CPU
		{5F4CB5ED-566B-4396-8E49-7F5449B7A849}.Release|x64.Build.0 = Release|Any CPU
		{5F4CB5ED-566B-4396-8E49-7F5449B7A849}.Release|x86.ActiveCfg = Release|Any CPU
		{5F4CB5ED-566B-4396-8E49-7F5449B7A849}.Release|x86.Build.0 = Release|Any CPU
		{CC5115AB-F900-4DE2-89F4-9AE005205BE6}.Debug|Any CPU.ActiveCfg = Debug|x64
		{CC5115AB-F900-4DE2-89F4-9AE005205BE6}.Debug|Any CPU.Build.0 = Debug|x64
		{CC5115AB-F900-4DE2-89F4-9AE005205BE6}.Debug|x64.ActiveCfg = Debug|x64
		{CC5115AB-F900-4DE2-89F4-9AE005205BE6}.Debug|x64.Build.0 = Debug|x64
		{CC5115AB-F900-4DE2-89F4-9AE005205BE6}.Debug|x86.ActiveCfg = Debug|Win32
		{CC5115AB-F900-4DE2-89F4-9AE005205BE6}.Debug|x86.Build.0 = Debug|Win32
		{CC5115AB-F900-4DE2-89F4-9AE005205BE6}.Release|Any CPU.ActiveCfg = Release|x64
		{CC5115AB-F900-4DE2-89F4-9AE005205BE6}.Release|Any CPU.Build.0 = Release|x64
		{CC5115AB-F900-4DE2-89F4-9AE005205BE6}.Release|x64.ActiveCfg = Release|x64
		{CC5115AB-F900-4DE2-89F4-9AE005205BE6}.Release|x64.Build.0 = Release|x64
		{CC5115AB-F900-4DE2-89F4-9AE005205BE6}.Release|x86.ActiveCfg = Release|Win32
		{CC5115AB-F900-4DE2-89F4-9AE005205BE6}.Release|x86.Build.0 = Release|Win32
		{767A78BD-AF98-41B1-BA0E-4E154213951F}.Debug|Any CPU.ActiveCfg = Debug|Any CPU
		{767A78BD-AF98-41B1-BA0E-4E154213951F}.Debug|Any CPU.Build.0 = Debug|Any CPU
		{767A78BD-AF98-41B1-BA0E-4E154213951F}.Debug|x64.ActiveCfg = Debug|Any CPU
		{767A78BD-AF98-41B1-BA0E-4E154213951F}.Debug|x64.Build.0 = Debug|Any CPU
		{767A78BD-AF98-41B1-BA0E-4E154213951F}.Debug|x86.ActiveCfg = Debug|Any CPU
		{767A78BD-AF98-41B1-BA0E-4E154213951F}.Debug|x86.Build.0 = Debug|Any CPU
		{767A78BD-AF98-41B1-BA0E-4E154213951F}.Release|Any CPU.ActiveCfg = Release|Any CPU
		{767A78BD-AF98-41B1-BA0E-4E154213951F}.Release|Any CPU.Build.0 = Release|Any CPU
		{767A78BD-AF98-41B1-BA0E-4E154213951F}.Release|x64.ActiveCfg = Release|Any CPU
		{767A78BD-AF98-41B1-BA0E-4E154213951F}.Release|x64.Build.0 = Release|Any CPU
		{767A78BD-AF98-41B1-BA0E-4E154213951F}.Release|x86.ActiveCfg = Release|Any CPU
		{767A78BD-AF98-41B1-BA0E-4E154213951F}.Release|x86.Build.0 = Release|Any CPU
		{00A4B642-B47E-41C4-96D0-E0B6D3D35437}.Debug|Any CPU.ActiveCfg = Debug|x64
		{00A4B642-B47E-41C4-96D0-E0B6D3D35437}.Debug|Any CPU.Build.0 = Debug|x64
		{00A4B642-B47E-41C4-96D0-E0B6D3D35437}.Debug|x64.ActiveCfg = Debug|x64
		{00A4B642-B47E-41C4-96D0-E0B6D3D35437}.Debug|x64.Build.0 = Debug|x64
		{00A4B642-B47E-41C4-96D0-E0B6D3D35437}.Debug|x86.ActiveCfg = Debug|Win32
		{00A4B642-B47E-41C4-96D0-E0B6D3D35437}.Debug|x86.Build.0 = Debug|Win32
		{00A4B642-B47E-41C4-96D0-E0B6D3D35437}.Release|Any CPU.ActiveCfg = Release|x64
		{00A4B642-B47E-41C4-96D0-E0B6D3D35437}.Release|Any CPU.Build.0 = Release|x64
		{00A4B642-B47E-41C4-96D0-E0B6D3D35437}.Release|x64.ActiveCfg = Release|x64
		{00A4B642-B47E-41C4-96D0-E0B6D3D35437}.Release|x64.Build.0 = Release|x64
		{00A4B642-B47E-41C4-96D0-E0B6D3D35437}.Release|x86.ActiveCfg = Release|Win32
		{00A4B642-B47E-41C4-96D0-E0B6D3D35437}.Release|x86.Build.0 = Release|Win32
		{C387E0F4-12C1-4AD3-89ED-6A2694C161D5}.Debug|Any CPU.ActiveCfg = Debug|x64
		{C387E0F4-12C1-4AD3-89ED-6A2694C161D5}.Debug|Any CPU.Build.0 = Debug|x64
		{C387E0F4-12C1-4AD3-89ED-6A2694C161D5}.Debug|x64.ActiveCfg = Debug|x64
		{C387E0F4-12C1-4AD3-89ED-6A2694C161D5}.Debug|x64.Build.0 = Debug|x64
		{C387E0F4-12C1-4AD3-89ED-6A2694C161D5}.Debug|x86.ActiveCfg = Debug|Win32
		{C387E0F4-12C1-4AD3-89ED-6A2694C161D5}.Debug|x86.Build.0 = Debug|Win32
		{C387E0F4-12C1-4AD3-89ED-6A2694C161D5}.Release|Any CPU.ActiveCfg = Release|x64
		{C387E0F4-12C1-4AD3-89ED-6A2694C161D5}.Release|Any CPU.Build.0 = Release|x64
		{C387E0F4-12C1-4AD3-89ED-6A2694C161D5}.Release|x64.ActiveCfg = Release|x64
		{C387E0F4-12C1-4AD3-89ED-6A2694C161D5}.Release|x64.Build.0 = Release|x64
		{C387E0F4-12C1-4AD3-89ED-6A2694C161D5}.Release|x86.ActiveCfg = Release|Win32
		{C387E0F4-12C1-4AD3-89ED-6A2694C161D5}.Release|x86.Build.0 = Release|Win32
		{516FA27A-FFC2-409D-9CE0-95DA9D2779EB}.Debug|Any CPU.ActiveCfg = Debug|x64
		{516FA27A-FFC2-409D-9CE0-95DA9D2779EB}.Debug|Any CPU.Build.0 = Debug|x64
		{516FA27A-FFC2-409D-9CE0-95DA9D2779EB}.Debug|x64.ActiveCfg = Debug|x64
		{516FA27A-FFC2-409D-9CE0-95DA9D2779EB}.Debug|x64.Build.0 = Debug|x64
		{516FA27A-FFC2-409D-9CE0-95DA9D2779EB}.Debug|x86.ActiveCfg = Debug|Win32
		{516FA27A-FFC2-409D-9CE0-95DA9D2779EB}.Debug|x86.Build.0 = Debug|Win32
		{516FA27A-FFC2-409D-9CE0-95DA9D2779EB}.Release|Any CPU.ActiveCfg = Release|x64
		{516FA27A-FFC2-409D-9CE0-95DA9D2779EB}.Release|Any CPU.Build.0 = Release|x64
		{516FA27A-FFC2-409D-9CE0-95DA9D2779EB}.Release|x64.ActiveCfg = Release|x64
		{516FA27A-FFC2-409D-9CE0-95DA9D2779EB}.Release|x64.Build.0 = Release|x64
		{516FA27A-FFC2-409D-9CE0-95DA9D2779EB}.Release|x86.ActiveCfg = Release|Win32
		{516FA27A-FFC2-409D-9CE0-95DA9D2779EB}.Release|x86.Build.0 = Release|Win32
		{FA9FA860-E3E6-4CFD-B1C0-A76240636555}.Debug|Any CPU.ActiveCfg = Debug|Any CPU
		{FA9FA860-E3E6-4CFD-B1C0-A76240636555}.Debug|Any CPU.Build.0 = Debug|Any CPU
		{FA9FA860-E3E6-4CFD-B1C0-A76240636555}.Debug|x64.ActiveCfg = Debug|Any CPU
		{FA9FA860-E3E6-4CFD-B1C0-A76240636555}.Debug|x64.Build.0 = Debug|Any CPU
		{FA9FA860-E3E6-4CFD-B1C0-A76240636555}.Debug|x86.ActiveCfg = Debug|Any CPU
		{FA9FA860-E3E6-4CFD-B1C0-A76240636555}.Debug|x86.Build.0 = Debug|Any CPU
		{FA9FA860-E3E6-4CFD-B1C0-A76240636555}.Release|Any CPU.ActiveCfg = Release|Any CPU
		{FA9FA860-E3E6-4CFD-B1C0-A76240636555}.Release|Any CPU.Build.0 = Release|Any CPU
		{FA9FA860-E3E6-4CFD-B1C0-A76240636555}.Release|x64.ActiveCfg = Release|Any CPU
		{FA9FA860-E3E6-4CFD-B1C0-A76240636555}.Release|x64.Build.0 = Release|Any CPU
		{FA9FA860-E3E6-4CFD-B1C0-A76240636555}.Release|x86.ActiveCfg = Release|Any CPU
		{FA9FA860-E3E6-4CFD-B1C0-A76240636555}.Release|x86.Build.0 = Release|Any CPU
		{99F0F88A-4A02-4788-9107-1A5775B816D6}.Debug|Any CPU.ActiveCfg = Debug|Any CPU
		{99F0F88A-4A02-4788-9107-1A5775B816D6}.Debug|Any CPU.Build.0 = Debug|Any CPU
		{99F0F88A-4A02-4788-9107-1A5775B816D6}.Debug|x64.ActiveCfg = Debug|Any CPU
		{99F0F88A-4A02-4788-9107-1A5775B816D6}.Debug|x64.Build.0 = Debug|Any CPU
		{99F0F88A-4A02-4788-9107-1A5775B816D6}.Debug|x86.ActiveCfg = Debug|Any CPU
		{99F0F88A-4A02-4788-9107-1A5775B816D6}.Debug|x86.Build.0 = Debug|Any CPU
		{99F0F88A-4A02-4788-9107-1A5775B816D6}.Release|Any CPU.ActiveCfg = Release|Any CPU
		{99F0F88A-4A02-4788-9107-1A5775B816D6}.Release|Any CPU.Build.0 = Release|Any CPU
		{99F0F88A-4A02-4788-9107-1A5775B816D6}.Release|x64.ActiveCfg = Release|Any CPU
		{99F0F88A-4A02-4788-9107-1A5775B816D6}.Release|x64.Build.0 = Release|Any CPU
		{99F0F88A-4A02-4788-9107-1A5775B816D6}.Release|x86.ActiveCfg = Release|Any CPU
		{99F0F88A-4A02-4788-9107-1A5775B816D6}.Release|x86.Build.0 = Release|Any CPU
		{E7F4A3FE-C6AB-4C76-9F70-F73DF873177E}.Debug|Any CPU.ActiveCfg = Debug|Any CPU
		{E7F4A3FE-C6AB-4C76-9F70-F73DF873177E}.Debug|Any CPU.Build.0 = Debug|Any CPU
		{E7F4A3FE-C6AB-4C76-9F70-F73DF873177E}.Debug|x64.ActiveCfg = Debug|Any CPU
		{E7F4A3FE-C6AB-4C76-9F70-F73DF873177E}.Debug|x64.Build.0 = Debug|Any CPU
		{E7F4A3FE-C6AB-4C76-9F70-F73DF873177E}.Debug|x86.ActiveCfg = Debug|Any CPU
		{E7F4A3FE-C6AB-4C76-9F70-F73DF873177E}.Debug|x86.Build.0 = Debug|Any CPU
		{E7F4A3FE-C6AB-4C76-9F70-F73DF873177E}.Release|Any CPU.ActiveCfg = Release|Any CPU
		{E7F4A3FE-C6AB-4C76-9F70-F73DF873177E}.Release|Any CPU.Build.0 = Release|Any CPU
		{E7F4A3FE-C6AB-4C76-9F70-F73DF873177E}.Release|x64.ActiveCfg = Release|Any CPU
		{E7F4A3FE-C6AB-4C76-9F70-F73DF873177E}.Release|x64.Build.0 = Release|Any CPU
		{E7F4A3FE-C6AB-4C76-9F70-F73DF873177E}.Release|x86.ActiveCfg = Release|Any CPU
		{E7F4A3FE-C6AB-4C76-9F70-F73DF873177E}.Release|x86.Build.0 = Release|Any CPU
	EndGlobalSection
	GlobalSection(SolutionProperties) = preSolution
		HideSolutionNode = FALSE
	EndGlobalSection
	GlobalSection(NestedProjects) = preSolution
		{05E7BC11-B3A0-40FB-AF6C-F04A6A566D0E} = {57BA034A-7C5D-4C3F-B666-B31329A9F29E}
		{8346C75C-6E85-46BC-A07C-B8A7F446BDA3} = {05E7BC11-B3A0-40FB-AF6C-F04A6A566D0E}
		{4F61081D-E245-45A6-96A7-1FED8FBC592D} = {57BA034A-7C5D-4C3F-B666-B31329A9F29E}
		{5F4CB5ED-566B-4396-8E49-7F5449B7A849} = {4F61081D-E245-45A6-96A7-1FED8FBC592D}
		{CC5115AB-F900-4DE2-89F4-9AE005205BE6} = {4F61081D-E245-45A6-96A7-1FED8FBC592D}
		{54A61C41-4DAD-423B-A421-9E6FB763ADFC} = {952995AD-9E21-44AF-8BED-3DB3098BD907}
		{A6DB2D0A-1B77-4742-84B4-C09B6B7D4948} = {952995AD-9E21-44AF-8BED-3DB3098BD907}
		{ABBF6A35-F7D6-42A5-8137-4E6ABBB3A695} = {07C42B81-44BB-4927-8034-EE8068BD4809}
		{C9AB61FE-26E2-4C5C-8A2E-D57C9FCE3272} = {07C42B81-44BB-4927-8034-EE8068BD4809}
		{0E6F2CB5-B606-432F-9644-ED829B93BFC1} = {94798F1C-2708-4947-AD94-8795E83F032A}
		{EBD245C5-F5C5-4E92-9E0F-204BC1D42517} = {94798F1C-2708-4947-AD94-8795E83F032A}
		{758CF452-D761-4DD7-AC4F-D19F3041A882} = {BACBE2E0-BA64-43D7-A6C7-28207F42C62A}
		{767A78BD-AF98-41B1-BA0E-4E154213951F} = {758CF452-D761-4DD7-AC4F-D19F3041A882}
		{797198EE-A026-488A-8FFF-C620614BF076} = {BACBE2E0-BA64-43D7-A6C7-28207F42C62A}
		{00A4B642-B47E-41C4-96D0-E0B6D3D35437} = {797198EE-A026-488A-8FFF-C620614BF076}
		{C387E0F4-12C1-4AD3-89ED-6A2694C161D5} = {54A61C41-4DAD-423B-A421-9E6FB763ADFC}
		{516FA27A-FFC2-409D-9CE0-95DA9D2779EB} = {A6DB2D0A-1B77-4742-84B4-C09B6B7D4948}
		{FA9FA860-E3E6-4CFD-B1C0-A76240636555} = {A6DB2D0A-1B77-4742-84B4-C09B6B7D4948}
		{99F0F88A-4A02-4788-9107-1A5775B816D6} = {A6DB2D0A-1B77-4742-84B4-C09B6B7D4948}
		{E7F4A3FE-C6AB-4C76-9F70-F73DF873177E} = {4F61081D-E245-45A6-96A7-1FED8FBC592D}
	EndGlobalSection
	GlobalSection(ExtensibilityGlobals) = postSolution
		SolutionGuid = {2E0969C4-D2FD-42BB-8498-D9AB33F122F5}
	EndGlobalSection
EndGlobal
