
Microsoft Visual Studio Solution File, Format Version 12.00
# Visual Studio Version 17
VisualStudioVersion = 17.1.32228.430
MinimumVisualStudioVersion = 10.0.40219.1
Project("{2150E333-8FDC-42A3-9474-1A3956D46DE8}") = "openvino", "openvino", "{57BA034A-7C5D-4C3F-B666-B31329A9F29E}"
EndProject
Project("{2150E333-8FDC-42A3-9474-1A3956D46DE8}") = "cpp", "cpp", "{05E7BC11-B3A0-40FB-AF6C-F04A6A566D0E}"
EndProject
Project("{8BC9CEB8-8B4A-11D0-8D11-00A0C91BC942}") = "cpp_oppenvino_yolov5", "openvino\cpp_oppenvino_yolov5\cpp_oppenvino_yolov5.vcxproj", "{8346C75C-6E85-46BC-A07C-B8A7F446BDA3}"
EndProject
Project("{2150E333-8FDC-42A3-9474-1A3956D46DE8}") = "csharp", "csharp", "{4F61081D-E245-45A6-96A7-1FED8FBC592D}"
EndProject
Project("{9A19103F-16F7-4668-BE54-9A1E7A4F7556}") = "charp_openvino_yolov5", "openvino\charp_openvino_yolov5\charp_openvino_yolov5.csproj", "{0D676FDA-6681-45D5-A9B5-0DD6BC890476}"
EndProject
Project("{9A19103F-16F7-4668-BE54-9A1E7A4F7556}") = "csharp_openvino_class", "openvino\csharp_openvino_class\csharp_openvino_class.csproj", "{5F4CB5ED-566B-4396-8E49-7F5449B7A849}"
EndProject
Project("{8BC9CEB8-8B4A-11D0-8D11-00A0C91BC942}") = "cpp_openvino_api", "openvino\cpp_openvino_api\cpp_openvino_api.vcxproj", "{CC5115AB-F900-4DE2-89F4-9AE005205BE6}"
EndProject
Project("{2150E333-8FDC-42A3-9474-1A3956D46DE8}") = "tensorrt", "tensorrt", "{952995AD-9E21-44AF-8BED-3DB3098BD907}"
EndProject
Project("{2150E333-8FDC-42A3-9474-1A3956D46DE8}") = "cpp", "cpp", "{54A61C41-4DAD-423B-A421-9E6FB763ADFC}"
EndProject
Project("{2150E333-8FDC-42A3-9474-1A3956D46DE8}") = "csharp", "csharp", "{A6DB2D0A-1B77-4742-84B4-C09B6B7D4948}"
EndProject
Project("{2150E333-8FDC-42A3-9474-1A3956D46DE8}") = "onnx_runtime", "onnx_runtime", "{94798F1C-2708-4947-AD94-8795E83F032A}"
EndProject
Project("{2150E333-8FDC-42A3-9474-1A3956D46DE8}") = "opencv_dnn", "opencv_dnn", "{07C42B81-44BB-4927-8034-EE8068BD4809}"
EndProject
Project("{2150E333-8FDC-42A3-9474-1A3956D46DE8}") = "cpp", "cpp", "{ABBF6A35-F7D6-42A5-8137-4E6ABBB3A695}"
EndProject
Project("{2150E333-8FDC-42A3-9474-1A3956D46DE8}") = "csharp", "csharp", "{C9AB61FE-26E2-4C5C-8A2E-D57C9FCE3272}"
EndProject
Project("{2150E333-8FDC-42A3-9474-1A3956D46DE8}") = "cpp", "cpp", "{0E6F2CB5-B606-432F-9644-ED829B93BFC1}"
EndProject
Project("{2150E333-8FDC-42A3-9474-1A3956D46DE8}") = "csharp", "csharp", "{EBD245C5-F5C5-4E92-9E0F-204BC1D42517}"
EndProject
Project("{2150E333-8FDC-42A3-9474-1A3956D46DE8}") = "all_demo_csharp", "all_demo_csharp", "{3EAFE96D-ED8A-4BA0-8A2C-97E513E8411D}"
EndProject
Global
	GlobalSection(SolutionConfigurationPlatforms) = preSolution
		Debug|Any CPU = Debug|Any CPU
		Debug|x64 = Debug|x64
		Debug|x86 = Debug|x86
		Release|Any CPU = Release|Any CPU
		Release|x64 = Release|x64
		Release|x86 = Release|x86
	EndGlobalSection
	GlobalSection(ProjectConfigurationPlatforms) = postSolution
		{8346C75C-6E85-46BC-A07C-B8A7F446BDA3}.Debug|Any CPU.ActiveCfg = Debug|x64
		{8346C75C-6E85-46BC-A07C-B8A7F446BDA3}.Debug|Any CPU.Build.0 = Debug|x64
		{8346C75C-6E85-46BC-A07C-B8A7F446BDA3}.Debug|x64.ActiveCfg = Debug|x64
		{8346C75C-6E85-46BC-A07C-B8A7F446BDA3}.Debug|x64.Build.0 = Debug|x64
		{8346C75C-6E85-46BC-A07C-B8A7F446BDA3}.Debug|x86.ActiveCfg = Debug|Win32
		{8346C75C-6E85-46BC-A07C-B8A7F446BDA3}.Debug|x86.Build.0 = Debug|Win32
		{8346C75C-6E85-46BC-A07C-B8A7F446BDA3}.Release|Any CPU.ActiveCfg = Release|x64
		{8346C75C-6E85-46BC-A07C-B8A7F446BDA3}.Release|Any CPU.Build.0 = Release|x64
		{8346C75C-6E85-46BC-A07C-B8A7F446BDA3}.Release|x64.ActiveCfg = Release|x64
		{8346C75C-6E85-46BC-A07C-B8A7F446BDA3}.Release|x64.Build.0 = Release|x64
		{8346C75C-6E85-46BC-A07C-B8A7F446BDA3}.Release|x86.ActiveCfg = Release|Win32
		{8346C75C-6E85-46BC-A07C-B8A7F446BDA3}.Release|x86.Build.0 = Release|Win32
		{0D676FDA-6681-45D5-A9B5-0DD6BC890476}.Debug|Any CPU.ActiveCfg = Debug|Any CPU
		{0D676FDA-6681-45D5-A9B5-0DD6BC890476}.Debug|Any CPU.Build.0 = Debug|Any CPU
		{0D676FDA-6681-45D5-A9B5-0DD6BC890476}.Debug|x64.ActiveCfg = Debug|Any CPU
		{0D676FDA-6681-45D5-A9B5-0DD6BC890476}.Debug|x64.Build.0 = Debug|Any CPU
		{0D676FDA-6681-45D5-A9B5-0DD6BC890476}.Debug|x86.ActiveCfg = Debug|Any CPU
		{0D676FDA-6681-45D5-A9B5-0DD6BC890476}.Debug|x86.Build.0 = Debug|Any CPU
		{0D676FDA-6681-45D5-A9B5-0DD6BC890476}.Release|Any CPU.ActiveCfg = Release|Any CPU
		{0D676FDA-6681-45D5-A9B5-0DD6BC890476}.Release|Any CPU.Build.0 = Release|Any CPU
		{0D676FDA-6681-45D5-A9B5-0DD6BC890476}.Release|x64.ActiveCfg = Release|Any CPU
		{0D676FDA-6681-45D5-A9B5-0DD6BC890476}.Release|x64.Build.0 = Release|Any CPU
		{0D676FDA-6681-45D5-A9B5-0DD6BC890476}.Release|x86.ActiveCfg = Release|Any CPU
		{0D676FDA-6681-45D5-A9B5-0DD6BC890476}.Release|x86.Build.0 = Release|Any CPU
		{5F4CB5ED-566B-4396-8E49-7F5449B7A849}.Debug|Any CPU.ActiveCfg = Debug|Any CPU
		{5F4CB5ED-566B-4396-8E49-7F5449B7A849}.Debug|Any CPU.Build.0 = Debug|Any CPU
		{5F4CB5ED-566B-4396-8E49-7F5449B7A849}.Debug|x64.ActiveCfg = Debug|Any CPU
		{5F4CB5ED-566B-4396-8E49-7F5449B7A849}.Debug|x64.Build.0 = Debug|Any CPU
		{5F4CB5ED-566B-4396-8E49-7F5449B7A849}.Debug|x86.ActiveCfg = Debug|Any CPU
		{5F4CB5ED-566B-4396-8E49-7F5449B7A849}.Debug|x86.Build.0 = Debug|Any CPU
		{5F4CB5ED-566B-4396-8E49-7F5449B7A849}.Release|Any CPU.ActiveCfg = Release|Any CPU
		{5F4CB5ED-566B-4396-8E49-7F5449B7A849}.Release|Any CPU.Build.0 = Release|Any CPU
		{5F4CB5ED-566B-4396-8E49-7F5449B7A849}.Release|x64.ActiveCfg = Release|Any CPU
		{5F4CB5ED-566B-4396-8E49-7F5449B7A849}.Release|x64.Build.0 = Release|Any CPU
		{5F4CB5ED-566B-4396-8E49-7F5449B7A849}.Release|x86.ActiveCfg = Release|Any CPU
		{5F4CB5ED-566B-4396-8E49-7F5449B7A849}.Release|x86.Build.0 = Release|Any CPU
		{CC5115AB-F900-4DE2-89F4-9AE005205BE6}.Debug|Any CPU.ActiveCfg = Debug|x64
		{CC5115AB-F900-4DE2-89F4-9AE005205BE6}.Debug|Any CPU.Build.0 = Debug|x64
		{CC5115AB-F900-4DE2-89F4-9AE005205BE6}.Debug|x64.ActiveCfg = Debug|x64
		{CC5115AB-F900-4DE2-89F4-9AE005205BE6}.Debug|x64.Build.0 = Debug|x64
		{CC5115AB-F900-4DE2-89F4-9AE005205BE6}.Debug|x86.ActiveCfg = Debug|Win32
		{CC5115AB-F900-4DE2-89F4-9AE005205BE6}.Debug|x86.Build.0 = Debug|Win32
		{CC5115AB-F900-4DE2-89F4-9AE005205BE6}.Release|Any CPU.ActiveCfg = Release|x64
		{CC5115AB-F900-4DE2-89F4-9AE005205BE6}.Release|Any CPU.Build.0 = Release|x64
		{CC5115AB-F900-4DE2-89F4-9AE005205BE6}.Release|x64.ActiveCfg = Release|x64
		{CC5115AB-F900-4DE2-89F4-9AE005205BE6}.Release|x64.Build.0 = Release|x64
		{CC5115AB-F900-4DE2-89F4-9AE005205BE6}.Release|x86.ActiveCfg = Release|Win32
		{CC5115AB-F900-4DE2-89F4-9AE005205BE6}.Release|x86.Build.0 = Release|Win32
	EndGlobalSection
	GlobalSection(SolutionProperties) = preSolution
		HideSolutionNode = FALSE
	EndGlobalSection
	GlobalSection(NestedProjects) = preSolution
		{05E7BC11-B3A0-40FB-AF6C-F04A6A566D0E} = {57BA034A-7C5D-4C3F-B666-B31329A9F29E}
		{8346C75C-6E85-46BC-A07C-B8A7F446BDA3} = {05E7BC11-B3A0-40FB-AF6C-F04A6A566D0E}
		{4F61081D-E245-45A6-96A7-1FED8FBC592D} = {57BA034A-7C5D-4C3F-B666-B31329A9F29E}
		{0D676FDA-6681-45D5-A9B5-0DD6BC890476} = {4F61081D-E245-45A6-96A7-1FED8FBC592D}
		{5F4CB5ED-566B-4396-8E49-7F5449B7A849} = {4F61081D-E245-45A6-96A7-1FED8FBC592D}
		{CC5115AB-F900-4DE2-89F4-9AE005205BE6} = {4F61081D-E245-45A6-96A7-1FED8FBC592D}
		{54A61C41-4DAD-423B-A421-9E6FB763ADFC} = {952995AD-9E21-44AF-8BED-3DB3098BD907}
		{A6DB2D0A-1B77-4742-84B4-C09B6B7D4948} = {952995AD-9E21-44AF-8BED-3DB3098BD907}
		{ABBF6A35-F7D6-42A5-8137-4E6ABBB3A695} = {07C42B81-44BB-4927-8034-EE8068BD4809}
		{C9AB61FE-26E2-4C5C-8A2E-D57C9FCE3272} = {07C42B81-44BB-4927-8034-EE8068BD4809}
		{0E6F2CB5-B606-432F-9644-ED829B93BFC1} = {94798F1C-2708-4947-AD94-8795E83F032A}
		{EBD245C5-F5C5-4E92-9E0F-204BC1D42517} = {94798F1C-2708-4947-AD94-8795E83F032A}
	EndGlobalSection
	GlobalSection(ExtensibilityGlobals) = postSolution
		SolutionGuid = {2E0969C4-D2FD-42BB-8498-D9AB33F122F5}
	EndGlobalSection
EndGlobal
